
Microsoft Visual Studio Solution File, Format Version 12.00
# Visual Studio 15
VisualStudioVersion = 15.0.27004.2002
MinimumVisualStudioVersion = 10.0.40219.1
Project("{2150E333-8FDC-42A3-9474-1A3956D46DE8}") = "Creational", "Creational", "{819B12CC-9733-4AB7-8400-E4D710B9BC74}"
EndProject
Project("{9A19103F-16F7-4668-BE54-9A1E7A4F7556}") = "AbstractFactory", "Creational\AbstractFactory\AbstractFactory.csproj", "{884AB29B-E281-4DF3-A8F7-404BEF2311E4}"
EndProject
Project("{9A19103F-16F7-4668-BE54-9A1E7A4F7556}") = "FluentBuilder", "Creational\FluentBuilder\FluentBuilder.csproj", "{79FE4BA4-576E-421F-B312-E72132E0E081}"
EndProject
Project("{9A19103F-16F7-4668-BE54-9A1E7A4F7556}") = "Factory", "Creational\Factory\Factory.csproj", "{7827A92E-9AD0-4EC4-B783-787E15DAAB21}"
EndProject
Project("{9A19103F-16F7-4668-BE54-9A1E7A4F7556}") = "Prototype", "Creational\Prototype\Prototype.csproj", "{8494A16A-FEFA-437E-A96D-CEAD3E2BD574}"
EndProject
Project("{2150E333-8FDC-42A3-9474-1A3956D46DE8}") = "Structural", "Structural", "{867FEE80-008D-4CE0-9C57-DB17D53A6B69}"
EndProject
Project("{9A19103F-16F7-4668-BE54-9A1E7A4F7556}") = "Adapter", "Structural\Adapter\Adapter.csproj", "{D8193D25-E109-4707-9B61-FFB0B0A6936A}"
EndProject
Project("{9A19103F-16F7-4668-BE54-9A1E7A4F7556}") = "AbstractDecorator", "Structural\AbstractDecorator\AbstractDecorator.csproj", "{077EA5B7-7C02-4185-9FA4-D7F4D4FF1337}"
EndProject
Project("{9A19103F-16F7-4668-BE54-9A1E7A4F7556}") = "InheritanceDecorator", "Structural\InheritanceDecorator\InheritanceDecorator.csproj", "{915F02F0-B28C-450D-8703-FC06420BF9D8}"
EndProject
Project("{9A19103F-16F7-4668-BE54-9A1E7A4F7556}") = "NullObject", "Structural\NullObject\NullObject.csproj", "{FA86B56F-0034-4547-A10E-16715EA7C339}"
EndProject
Project("{9A19103F-16F7-4668-BE54-9A1E7A4F7556}") = "Proxy", "Structural\Proxy\Proxy.csproj", "{CB5669DB-0081-4D8E-957A-D6263CF04D9B}"
EndProject
Project("{9A19103F-16F7-4668-BE54-9A1E7A4F7556}") = "Facade", "Structural\Facade\Facade.csproj", "{B26BD948-43FE-493D-A1E0-CB069F8979F7}"
EndProject
Project("{2150E333-8FDC-42A3-9474-1A3956D46DE8}") = "Behavioral", "Behavioral", "{746A856B-E52F-466D-BE92-02516014128C}"
EndProject
Project("{9A19103F-16F7-4668-BE54-9A1E7A4F7556}") = "Observer", "Behavioral\Observer\Observer.csproj", "{858F98E4-3019-45CF-A407-0E132968F8F2}"
EndProject
Project("{9A19103F-16F7-4668-BE54-9A1E7A4F7556}") = "ObserverWithEvents", "Behavioral\ObserverWithEvents\ObserverWithEvents.csproj", "{1F83DA60-5FEA-4387-AE10-689E32E825C1}"
EndProject
Global
	GlobalSection(SolutionConfigurationPlatforms) = preSolution
		Debug|Any CPU = Debug|Any CPU
		Release|Any CPU = Release|Any CPU
	EndGlobalSection
	GlobalSection(ProjectConfigurationPlatforms) = postSolution
		{884AB29B-E281-4DF3-A8F7-404BEF2311E4}.Debug|Any CPU.ActiveCfg = Debug|Any CPU
		{884AB29B-E281-4DF3-A8F7-404BEF2311E4}.Debug|Any CPU.Build.0 = Debug|Any CPU
		{884AB29B-E281-4DF3-A8F7-404BEF2311E4}.Release|Any CPU.ActiveCfg = Release|Any CPU
		{884AB29B-E281-4DF3-A8F7-404BEF2311E4}.Release|Any CPU.Build.0 = Release|Any CPU
		{79FE4BA4-576E-421F-B312-E72132E0E081}.Debug|Any CPU.ActiveCfg = Debug|Any CPU
		{79FE4BA4-576E-421F-B312-E72132E0E081}.Debug|Any CPU.Build.0 = Debug|Any CPU
		{79FE4BA4-576E-421F-B312-E72132E0E081}.Release|Any CPU.ActiveCfg = Release|Any CPU
		{79FE4BA4-576E-421F-B312-E72132E0E081}.Release|Any CPU.Build.0 = Release|Any CPU
		{7827A92E-9AD0-4EC4-B783-787E15DAAB21}.Debug|Any CPU.ActiveCfg = Debug|Any CPU
		{7827A92E-9AD0-4EC4-B783-787E15DAAB21}.Debug|Any CPU.Build.0 = Debug|Any CPU
		{7827A92E-9AD0-4EC4-B783-787E15DAAB21}.Release|Any CPU.ActiveCfg = Release|Any CPU
		{7827A92E-9AD0-4EC4-B783-787E15DAAB21}.Release|Any CPU.Build.0 = Release|Any CPU
		{8494A16A-FEFA-437E-A96D-CEAD3E2BD574}.Debug|Any CPU.ActiveCfg = Debug|Any CPU
		{8494A16A-FEFA-437E-A96D-CEAD3E2BD574}.Debug|Any CPU.Build.0 = Debug|Any CPU
		{8494A16A-FEFA-437E-A96D-CEAD3E2BD574}.Release|Any CPU.ActiveCfg = Release|Any CPU
		{8494A16A-FEFA-437E-A96D-CEAD3E2BD574}.Release|Any CPU.Build.0 = Release|Any CPU
		{D8193D25-E109-4707-9B61-FFB0B0A6936A}.Debug|Any CPU.ActiveCfg = Debug|Any CPU
		{D8193D25-E109-4707-9B61-FFB0B0A6936A}.Debug|Any CPU.Build.0 = Debug|Any CPU
		{D8193D25-E109-4707-9B61-FFB0B0A6936A}.Release|Any CPU.ActiveCfg = Release|Any CPU
		{D8193D25-E109-4707-9B61-FFB0B0A6936A}.Release|Any CPU.Build.0 = Release|Any CPU
		{077EA5B7-7C02-4185-9FA4-D7F4D4FF1337}.Debug|Any CPU.ActiveCfg = Debug|Any CPU
		{077EA5B7-7C02-4185-9FA4-D7F4D4FF1337}.Debug|Any CPU.Build.0 = Debug|Any CPU
		{077EA5B7-7C02-4185-9FA4-D7F4D4FF1337}.Release|Any CPU.ActiveCfg = Release|Any CPU
		{077EA5B7-7C02-4185-9FA4-D7F4D4FF1337}.Release|Any CPU.Build.0 = Release|Any CPU
		{915F02F0-B28C-450D-8703-FC06420BF9D8}.Debug|Any CPU.ActiveCfg = Debug|Any CPU
		{915F02F0-B28C-450D-8703-FC06420BF9D8}.Debug|Any CPU.Build.0 = Debug|Any CPU
		{915F02F0-B28C-450D-8703-FC06420BF9D8}.Release|Any CPU.ActiveCfg = Release|Any CPU
		{915F02F0-B28C-450D-8703-FC06420BF9D8}.Release|Any CPU.Build.0 = Release|Any CPU
		{FA86B56F-0034-4547-A10E-16715EA7C339}.Debug|Any CPU.ActiveCfg = Debug|Any CPU
		{FA86B56F-0034-4547-A10E-16715EA7C339}.Debug|Any CPU.Build.0 = Debug|Any CPU
		{FA86B56F-0034-4547-A10E-16715EA7C339}.Release|Any CPU.ActiveCfg = Release|Any CPU
		{FA86B56F-0034-4547-A10E-16715EA7C339}.Release|Any CPU.Build.0 = Release|Any CPU
		{CB5669DB-0081-4D8E-957A-D6263CF04D9B}.Debug|Any CPU.ActiveCfg = Debug|Any CPU
		{CB5669DB-0081-4D8E-957A-D6263CF04D9B}.Debug|Any CPU.Build.0 = Debug|Any CPU
		{CB5669DB-0081-4D8E-957A-D6263CF04D9B}.Release|Any CPU.ActiveCfg = Release|Any CPU
		{CB5669DB-0081-4D8E-957A-D6263CF04D9B}.Release|Any CPU.Build.0 = Release|Any CPU
		{B26BD948-43FE-493D-A1E0-CB069F8979F7}.Debug|Any CPU.ActiveCfg = Debug|Any CPU
		{B26BD948-43FE-493D-A1E0-CB069F8979F7}.Debug|Any CPU.Build.0 = Debug|Any CPU
		{B26BD948-43FE-493D-A1E0-CB069F8979F7}.Release|Any CPU.ActiveCfg = Release|Any CPU
		{B26BD948-43FE-493D-A1E0-CB069F8979F7}.Release|Any CPU.Build.0 = Release|Any CPU
		{858F98E4-3019-45CF-A407-0E132968F8F2}.Debug|Any CPU.ActiveCfg = Debug|Any CPU
		{858F98E4-3019-45CF-A407-0E132968F8F2}.Debug|Any CPU.Build.0 = Debug|Any CPU
		{858F98E4-3019-45CF-A407-0E132968F8F2}.Release|Any CPU.ActiveCfg = Release|Any CPU
		{858F98E4-3019-45CF-A407-0E132968F8F2}.Release|Any CPU.Build.0 = Release|Any CPU
		{1F83DA60-5FEA-4387-AE10-689E32E825C1}.Debug|Any CPU.ActiveCfg = Debug|Any CPU
		{1F83DA60-5FEA-4387-AE10-689E32E825C1}.Debug|Any CPU.Build.0 = Debug|Any CPU
		{1F83DA60-5FEA-4387-AE10-689E32E825C1}.Release|Any CPU.ActiveCfg = Release|Any CPU
		{1F83DA60-5FEA-4387-AE10-689E32E825C1}.Release|Any CPU.Build.0 = Release|Any CPU
	EndGlobalSection
	GlobalSection(SolutionProperties) = preSolution
		HideSolutionNode = FALSE
	EndGlobalSection
	GlobalSection(NestedProjects) = preSolution
		{884AB29B-E281-4DF3-A8F7-404BEF2311E4} = {819B12CC-9733-4AB7-8400-E4D710B9BC74}
		{79FE4BA4-576E-421F-B312-E72132E0E081} = {819B12CC-9733-4AB7-8400-E4D710B9BC74}
		{7827A92E-9AD0-4EC4-B783-787E15DAAB21} = {819B12CC-9733-4AB7-8400-E4D710B9BC74}
		{8494A16A-FEFA-437E-A96D-CEAD3E2BD574} = {819B12CC-9733-4AB7-8400-E4D710B9BC74}
		{D8193D25-E109-4707-9B61-FFB0B0A6936A} = {867FEE80-008D-4CE0-9C57-DB17D53A6B69}
		{077EA5B7-7C02-4185-9FA4-D7F4D4FF1337} = {867FEE80-008D-4CE0-9C57-DB17D53A6B69}
		{915F02F0-B28C-450D-8703-FC06420BF9D8} = {867FEE80-008D-4CE0-9C57-DB17D53A6B69}
		{FA86B56F-0034-4547-A10E-16715EA7C339} = {867FEE80-008D-4CE0-9C57-DB17D53A6B69}
		{CB5669DB-0081-4D8E-957A-D6263CF04D9B} = {867FEE80-008D-4CE0-9C57-DB17D53A6B69}
		{B26BD948-43FE-493D-A1E0-CB069F8979F7} = {867FEE80-008D-4CE0-9C57-DB17D53A6B69}
		{858F98E4-3019-45CF-A407-0E132968F8F2} = {746A856B-E52F-466D-BE92-02516014128C}
		{1F83DA60-5FEA-4387-AE10-689E32E825C1} = {746A856B-E52F-466D-BE92-02516014128C}
	EndGlobalSection
	GlobalSection(ExtensibilityGlobals) = postSolution
		SolutionGuid = {A0054054-3EBA-479B-810D-90E106940CBC}
	EndGlobalSection
EndGlobal
