
Microsoft Visual Studio Solution File, Format Version 12.00
# Visual Studio 15
VisualStudioVersion = 15.0.26430.16
MinimumVisualStudioVersion = 10.0.40219.1
Project("{2150E333-8FDC-42A3-9474-1A3956D46DE8}") = "Creational", "Creational", "{819B12CC-9733-4AB7-8400-E4D710B9BC74}"
EndProject
Project("{9A19103F-16F7-4668-BE54-9A1E7A4F7556}") = "AbstractFactory", "Creational\AbstractFactory\AbstractFactory.csproj", "{884AB29B-E281-4DF3-A8F7-404BEF2311E4}"
EndProject
Project("{9A19103F-16F7-4668-BE54-9A1E7A4F7556}") = "FluentBuilder", "Creational\FluentBuilder\FluentBuilder.csproj", "{79FE4BA4-576E-421F-B312-E72132E0E081}"
EndProject
Project("{FAE04EC0-301F-11D3-BF4B-00C04F79EFBC}") = "Factory", "Factory\Factory.csproj", "{7827A92E-9AD0-4EC4-B783-787E15DAAB21}"
EndProject
Project("{FAE04EC0-301F-11D3-BF4B-00C04F79EFBC}") = "Prototype", "Prototype\Prototype.csproj", "{8494A16A-FEFA-437E-A96D-CEAD3E2BD574}"
EndProject
Project("{2150E333-8FDC-42A3-9474-1A3956D46DE8}") = "Structural", "Structural", "{867FEE80-008D-4CE0-9C57-DB17D53A6B69}"
EndProject
Global
	GlobalSection(SolutionConfigurationPlatforms) = preSolution
		Debug|Any CPU = Debug|Any CPU
		Release|Any CPU = Release|Any CPU
	EndGlobalSection
	GlobalSection(ProjectConfigurationPlatforms) = postSolution
		{884AB29B-E281-4DF3-A8F7-404BEF2311E4}.Debug|Any CPU.ActiveCfg = Debug|Any CPU
		{884AB29B-E281-4DF3-A8F7-404BEF2311E4}.Debug|Any CPU.Build.0 = Debug|Any CPU
		{884AB29B-E281-4DF3-A8F7-404BEF2311E4}.Release|Any CPU.ActiveCfg = Release|Any CPU
		{884AB29B-E281-4DF3-A8F7-404BEF2311E4}.Release|Any CPU.Build.0 = Release|Any CPU
		{79FE4BA4-576E-421F-B312-E72132E0E081}.Debug|Any CPU.ActiveCfg = Debug|Any CPU
		{79FE4BA4-576E-421F-B312-E72132E0E081}.Debug|Any CPU.Build.0 = Debug|Any CPU
		{79FE4BA4-576E-421F-B312-E72132E0E081}.Release|Any CPU.ActiveCfg = Release|Any CPU
		{79FE4BA4-576E-421F-B312-E72132E0E081}.Release|Any CPU.Build.0 = Release|Any CPU
		{7827A92E-9AD0-4EC4-B783-787E15DAAB21}.Debug|Any CPU.ActiveCfg = Debug|Any CPU
		{7827A92E-9AD0-4EC4-B783-787E15DAAB21}.Debug|Any CPU.Build.0 = Debug|Any CPU
		{7827A92E-9AD0-4EC4-B783-787E15DAAB21}.Release|Any CPU.ActiveCfg = Release|Any CPU
		{7827A92E-9AD0-4EC4-B783-787E15DAAB21}.Release|Any CPU.Build.0 = Release|Any CPU
		{8494A16A-FEFA-437E-A96D-CEAD3E2BD574}.Debug|Any CPU.ActiveCfg = Debug|Any CPU
		{8494A16A-FEFA-437E-A96D-CEAD3E2BD574}.Debug|Any CPU.Build.0 = Debug|Any CPU
		{8494A16A-FEFA-437E-A96D-CEAD3E2BD574}.Release|Any CPU.ActiveCfg = Release|Any CPU
		{8494A16A-FEFA-437E-A96D-CEAD3E2BD574}.Release|Any CPU.Build.0 = Release|Any CPU
	EndGlobalSection
	GlobalSection(SolutionProperties) = preSolution
		HideSolutionNode = FALSE
	EndGlobalSection
	GlobalSection(NestedProjects) = preSolution
		{884AB29B-E281-4DF3-A8F7-404BEF2311E4} = {819B12CC-9733-4AB7-8400-E4D710B9BC74}
		{79FE4BA4-576E-421F-B312-E72132E0E081} = {819B12CC-9733-4AB7-8400-E4D710B9BC74}
		{7827A92E-9AD0-4EC4-B783-787E15DAAB21} = {819B12CC-9733-4AB7-8400-E4D710B9BC74}
		{8494A16A-FEFA-437E-A96D-CEAD3E2BD574} = {819B12CC-9733-4AB7-8400-E4D710B9BC74}
	EndGlobalSection
EndGlobal
